
Microsoft Visual Studio Solution File, Format Version 12.00
# Visual Studio 15
VisualStudioVersion = 15.0.26124.0
MinimumVisualStudioVersion = 15.0.26124.0
Project("{FAE04EC0-301F-11D3-BF4B-00C04F79EFBC}") = "Services.Common", "src\Services.Common\Services.Common.csproj", "{180767D7-7FBF-4E1A-B7D8-2E3FAE5A4C93}"
EndProject
Project("{2150E333-8FDC-42A3-9474-1A3956D46DE8}") = "tests", "tests", "{0EE22D9B-738D-4998-983E-BA430FE177BC}"
EndProject
Project("{FAE04EC0-301F-11D3-BF4B-00C04F79EFBC}") = "Tests", "tests\Tests\Tests.csproj", "{24009217-0F24-4CCD-ABD4-F6249CE913AE}"
EndProject
Project("{FAE04EC0-301F-11D3-BF4B-00C04F79EFBC}") = "Customer.Api", "src\Services\Customer\Customer.Api\Customer.Api.csproj", "{885A2FE7-22C5-40DE-A86C-E1BD3D2E53BA}"
EndProject
Project("{2150E333-8FDC-42A3-9474-1A3956D46DE8}") = "Services", "Services", "{27D8B671-9F6F-4A66-BCD5-85A686C61A1B}"
EndProject
Project("{2150E333-8FDC-42A3-9474-1A3956D46DE8}") = "Customer", "Customer", "{C3D7105F-B7E3-4BF5-A011-35799F03021C}"
EndProject
Project("{FAE04EC0-301F-11D3-BF4B-00C04F79EFBC}") = "Customer.Application", "src\Services\Customer\Customer.Application\Customer.Application.csproj", "{E04F8885-713B-4E24-88FE-5491DC64F65F}"
EndProject
Project("{FAE04EC0-301F-11D3-BF4B-00C04F79EFBC}") = "Customer.Domain", "src\Services\Customer\Customer.Domain\Customer.Domain.csproj", "{CAD06F6C-4803-4D13-96E3-550CCA99318B}"
EndProject
Global
	GlobalSection(SolutionConfigurationPlatforms) = preSolution
		Debug|Any CPU = Debug|Any CPU
		Debug|x64 = Debug|x64
		Debug|x86 = Debug|x86
		Release|Any CPU = Release|Any CPU
		Release|x64 = Release|x64
		Release|x86 = Release|x86
	EndGlobalSection
	GlobalSection(SolutionProperties) = preSolution
		HideSolutionNode = FALSE
	EndGlobalSection
	GlobalSection(ProjectConfigurationPlatforms) = postSolution
		{180767D7-7FBF-4E1A-B7D8-2E3FAE5A4C93}.Debug|Any CPU.ActiveCfg = Debug|Any CPU
		{180767D7-7FBF-4E1A-B7D8-2E3FAE5A4C93}.Debug|Any CPU.Build.0 = Debug|Any CPU
		{180767D7-7FBF-4E1A-B7D8-2E3FAE5A4C93}.Debug|x64.ActiveCfg = Debug|Any CPU
		{180767D7-7FBF-4E1A-B7D8-2E3FAE5A4C93}.Debug|x64.Build.0 = Debug|Any CPU
		{180767D7-7FBF-4E1A-B7D8-2E3FAE5A4C93}.Debug|x86.ActiveCfg = Debug|Any CPU
		{180767D7-7FBF-4E1A-B7D8-2E3FAE5A4C93}.Debug|x86.Build.0 = Debug|Any CPU
		{180767D7-7FBF-4E1A-B7D8-2E3FAE5A4C93}.Release|Any CPU.ActiveCfg = Release|Any CPU
		{180767D7-7FBF-4E1A-B7D8-2E3FAE5A4C93}.Release|Any CPU.Build.0 = Release|Any CPU
		{180767D7-7FBF-4E1A-B7D8-2E3FAE5A4C93}.Release|x64.ActiveCfg = Release|Any CPU
		{180767D7-7FBF-4E1A-B7D8-2E3FAE5A4C93}.Release|x64.Build.0 = Release|Any CPU
		{180767D7-7FBF-4E1A-B7D8-2E3FAE5A4C93}.Release|x86.ActiveCfg = Release|Any CPU
		{180767D7-7FBF-4E1A-B7D8-2E3FAE5A4C93}.Release|x86.Build.0 = Release|Any CPU
		{24009217-0F24-4CCD-ABD4-F6249CE913AE}.Debug|Any CPU.ActiveCfg = Debug|Any CPU
		{24009217-0F24-4CCD-ABD4-F6249CE913AE}.Debug|Any CPU.Build.0 = Debug|Any CPU
		{24009217-0F24-4CCD-ABD4-F6249CE913AE}.Debug|x64.ActiveCfg = Debug|Any CPU
		{24009217-0F24-4CCD-ABD4-F6249CE913AE}.Debug|x64.Build.0 = Debug|Any CPU
		{24009217-0F24-4CCD-ABD4-F6249CE913AE}.Debug|x86.ActiveCfg = Debug|Any CPU
		{24009217-0F24-4CCD-ABD4-F6249CE913AE}.Debug|x86.Build.0 = Debug|Any CPU
		{24009217-0F24-4CCD-ABD4-F6249CE913AE}.Release|Any CPU.ActiveCfg = Release|Any CPU
		{24009217-0F24-4CCD-ABD4-F6249CE913AE}.Release|Any CPU.Build.0 = Release|Any CPU
		{24009217-0F24-4CCD-ABD4-F6249CE913AE}.Release|x64.ActiveCfg = Release|Any CPU
		{24009217-0F24-4CCD-ABD4-F6249CE913AE}.Release|x64.Build.0 = Release|Any CPU
		{24009217-0F24-4CCD-ABD4-F6249CE913AE}.Release|x86.ActiveCfg = Release|Any CPU
		{24009217-0F24-4CCD-ABD4-F6249CE913AE}.Release|x86.Build.0 = Release|Any CPU
		{885A2FE7-22C5-40DE-A86C-E1BD3D2E53BA}.Debug|Any CPU.ActiveCfg = Debug|Any CPU
		{885A2FE7-22C5-40DE-A86C-E1BD3D2E53BA}.Debug|Any CPU.Build.0 = Debug|Any CPU
		{885A2FE7-22C5-40DE-A86C-E1BD3D2E53BA}.Debug|x64.ActiveCfg = Debug|Any CPU
		{885A2FE7-22C5-40DE-A86C-E1BD3D2E53BA}.Debug|x64.Build.0 = Debug|Any CPU
		{885A2FE7-22C5-40DE-A86C-E1BD3D2E53BA}.Debug|x86.ActiveCfg = Debug|Any CPU
		{885A2FE7-22C5-40DE-A86C-E1BD3D2E53BA}.Debug|x86.Build.0 = Debug|Any CPU
		{885A2FE7-22C5-40DE-A86C-E1BD3D2E53BA}.Release|Any CPU.ActiveCfg = Release|Any CPU
		{885A2FE7-22C5-40DE-A86C-E1BD3D2E53BA}.Release|Any CPU.Build.0 = Release|Any CPU
		{885A2FE7-22C5-40DE-A86C-E1BD3D2E53BA}.Release|x64.ActiveCfg = Release|Any CPU
		{885A2FE7-22C5-40DE-A86C-E1BD3D2E53BA}.Release|x64.Build.0 = Release|Any CPU
		{885A2FE7-22C5-40DE-A86C-E1BD3D2E53BA}.Release|x86.ActiveCfg = Release|Any CPU
		{885A2FE7-22C5-40DE-A86C-E1BD3D2E53BA}.Release|x86.Build.0 = Release|Any CPU
		{E04F8885-713B-4E24-88FE-5491DC64F65F}.Debug|Any CPU.ActiveCfg = Debug|Any CPU
		{E04F8885-713B-4E24-88FE-5491DC64F65F}.Debug|Any CPU.Build.0 = Debug|Any CPU
		{E04F8885-713B-4E24-88FE-5491DC64F65F}.Debug|x64.ActiveCfg = Debug|Any CPU
		{E04F8885-713B-4E24-88FE-5491DC64F65F}.Debug|x64.Build.0 = Debug|Any CPU
		{E04F8885-713B-4E24-88FE-5491DC64F65F}.Debug|x86.ActiveCfg = Debug|Any CPU
		{E04F8885-713B-4E24-88FE-5491DC64F65F}.Debug|x86.Build.0 = Debug|Any CPU
		{E04F8885-713B-4E24-88FE-5491DC64F65F}.Release|Any CPU.ActiveCfg = Release|Any CPU
		{E04F8885-713B-4E24-88FE-5491DC64F65F}.Release|Any CPU.Build.0 = Release|Any CPU
		{E04F8885-713B-4E24-88FE-5491DC64F65F}.Release|x64.ActiveCfg = Release|Any CPU
		{E04F8885-713B-4E24-88FE-5491DC64F65F}.Release|x64.Build.0 = Release|Any CPU
		{E04F8885-713B-4E24-88FE-5491DC64F65F}.Release|x86.ActiveCfg = Release|Any CPU
		{E04F8885-713B-4E24-88FE-5491DC64F65F}.Release|x86.Build.0 = Release|Any CPU
		{CAD06F6C-4803-4D13-96E3-550CCA99318B}.Debug|Any CPU.ActiveCfg = Debug|Any CPU
		{CAD06F6C-4803-4D13-96E3-550CCA99318B}.Debug|Any CPU.Build.0 = Debug|Any CPU
		{CAD06F6C-4803-4D13-96E3-550CCA99318B}.Debug|x64.ActiveCfg = Debug|Any CPU
		{CAD06F6C-4803-4D13-96E3-550CCA99318B}.Debug|x64.Build.0 = Debug|Any CPU
		{CAD06F6C-4803-4D13-96E3-550CCA99318B}.Debug|x86.ActiveCfg = Debug|Any CPU
		{CAD06F6C-4803-4D13-96E3-550CCA99318B}.Debug|x86.Build.0 = Debug|Any CPU
		{CAD06F6C-4803-4D13-96E3-550CCA99318B}.Release|Any CPU.ActiveCfg = Release|Any CPU
		{CAD06F6C-4803-4D13-96E3-550CCA99318B}.Release|Any CPU.Build.0 = Release|Any CPU
		{CAD06F6C-4803-4D13-96E3-550CCA99318B}.Release|x64.ActiveCfg = Release|Any CPU
		{CAD06F6C-4803-4D13-96E3-550CCA99318B}.Release|x64.Build.0 = Release|Any CPU
		{CAD06F6C-4803-4D13-96E3-550CCA99318B}.Release|x86.ActiveCfg = Release|Any CPU
		{CAD06F6C-4803-4D13-96E3-550CCA99318B}.Release|x86.Build.0 = Release|Any CPU
	EndGlobalSection
	GlobalSection(NestedProjects) = preSolution
		{24009217-0F24-4CCD-ABD4-F6249CE913AE} = {0EE22D9B-738D-4998-983E-BA430FE177BC}
		{885A2FE7-22C5-40DE-A86C-E1BD3D2E53BA} = {C3D7105F-B7E3-4BF5-A011-35799F03021C}
		{C3D7105F-B7E3-4BF5-A011-35799F03021C} = {27D8B671-9F6F-4A66-BCD5-85A686C61A1B}
		{E04F8885-713B-4E24-88FE-5491DC64F65F} = {C3D7105F-B7E3-4BF5-A011-35799F03021C}
		{180767D7-7FBF-4E1A-B7D8-2E3FAE5A4C93} = {27D8B671-9F6F-4A66-BCD5-85A686C61A1B}
		{CAD06F6C-4803-4D13-96E3-550CCA99318B} = {C3D7105F-B7E3-4BF5-A011-35799F03021C}
	EndGlobalSection
EndGlobal
