
Microsoft Visual Studio Solution File, Format Version 12.00
# Visual Studio Version 16
VisualStudioVersion = 16.0.30204.135
MinimumVisualStudioVersion = 15.0.26124.0
Project("{2150E333-8FDC-42A3-9474-1A3956D46DE8}") = "tests", "tests", "{0EE22D9B-738D-4998-983E-BA430FE177BC}"
EndProject
Project("{9A19103F-16F7-4668-BE54-9A1E7A4F7556}") = "Tests", "tests\Tests\Tests.csproj", "{24009217-0F24-4CCD-ABD4-F6249CE913AE}"
EndProject
Project("{2150E333-8FDC-42A3-9474-1A3956D46DE8}") = "Services", "Services", "{27D8B671-9F6F-4A66-BCD5-85A686C61A1B}"
EndProject
Project("{2150E333-8FDC-42A3-9474-1A3956D46DE8}") = "Customer", "Customer", "{C3D7105F-B7E3-4BF5-A011-35799F03021C}"
EndProject
Project("{E53339B2-1760-4266-BCC7-CA923CBCF16C}") = "docker-compose", "docker-compose.dcproj", "{1CE04A42-D91D-4B97-968B-F8007C450DAE}"
EndProject
Project("{2150E333-8FDC-42A3-9474-1A3956D46DE8}") = "Product", "Product", "{51E8DEFC-B7BC-4AB0-99E2-89993DB94F2A}"
EndProject
Project("{9A19103F-16F7-4668-BE54-9A1E7A4F7556}") = "Product.Domain", "src\Services\Product\Product.Domain\Product.Domain.csproj", "{7B26F3EC-C6D5-44CB-9A7B-1C992AA01BB2}"
EndProject
Project("{9A19103F-16F7-4668-BE54-9A1E7A4F7556}") = "Product.Application", "src\Services\Product\Product.Application\Product.Application.csproj", "{05BC8A26-DF7D-4274-876F-B6C165407741}"
EndProject
Project("{9A19103F-16F7-4668-BE54-9A1E7A4F7556}") = "Product.WebApi", "src\Services\Product\Product.WebApi\Product.WebApi.csproj", "{602F4003-8ADA-403F-8E16-A3815AC20EFF}"
EndProject
Project("{2150E333-8FDC-42A3-9474-1A3956D46DE8}") = "Identity", "Identity", "{9ADB4934-648A-4F12-A417-95F3491C161F}"
EndProject
Project("{9A19103F-16F7-4668-BE54-9A1E7A4F7556}") = "Identity.WebApi", "src\Services\Identity\Identity.WebApi\Identity.WebApi.csproj", "{41826B60-85E4-4E71-AB89-BEAC6E7E286C}"
EndProject
Project("{2150E333-8FDC-42A3-9474-1A3956D46DE8}") = "Common", "Common", "{E3608A0B-98FB-4763-B894-1EA9C7652B1A}"
EndProject
Project("{9A19103F-16F7-4668-BE54-9A1E7A4F7556}") = "Domain.Common", "src\Common\Domain.Common\Domain.Common.csproj", "{4625FD6A-91F2-4108-A0B0-133D1DF38BBD}"
EndProject
Project("{9A19103F-16F7-4668-BE54-9A1E7A4F7556}") = "Product.Infrastructure", "src\Services\Product\Product.Infrastructure\Product.Infrastructure.csproj", "{04F6838A-F050-465B-A3B8-269933D096DE}"
EndProject
Project("{9A19103F-16F7-4668-BE54-9A1E7A4F7556}") = "Infrastructure.Common", "src\Common\Infrastructure.Common\Infrastructure.Common.csproj", "{CAD07514-0F24-4A84-A93C-834AC9663288}"
EndProject
Project("{9A19103F-16F7-4668-BE54-9A1E7A4F7556}") = "Customer.Application", "src\Services\Customer\Customer.Application\Customer.Application.csproj", "{985F776E-22DF-43E1-956E-D4E3029C071C}"
EndProject
Project("{9A19103F-16F7-4668-BE54-9A1E7A4F7556}") = "Customer.Domain", "src\Services\Customer\Customer.Domain\Customer.Domain.csproj", "{6D0F3410-C77F-4751-B99B-AF6A1D9CA7AE}"
EndProject
Project("{9A19103F-16F7-4668-BE54-9A1E7A4F7556}") = "Customer.WebApi", "src\Services\Customer\Customer.WebApi\Customer.WebApi.csproj", "{ECC2AC32-6ED3-422A-AA30-D42BB127204F}"
EndProject
Global
	GlobalSection(SolutionConfigurationPlatforms) = preSolution
		Debug|Any CPU = Debug|Any CPU
		Debug|x64 = Debug|x64
		Debug|x86 = Debug|x86
		Release|Any CPU = Release|Any CPU
		Release|x64 = Release|x64
		Release|x86 = Release|x86
	EndGlobalSection
	GlobalSection(ProjectConfigurationPlatforms) = postSolution
		{24009217-0F24-4CCD-ABD4-F6249CE913AE}.Debug|Any CPU.ActiveCfg = Debug|Any CPU
		{24009217-0F24-4CCD-ABD4-F6249CE913AE}.Debug|Any CPU.Build.0 = Debug|Any CPU
		{24009217-0F24-4CCD-ABD4-F6249CE913AE}.Debug|x64.ActiveCfg = Debug|Any CPU
		{24009217-0F24-4CCD-ABD4-F6249CE913AE}.Debug|x64.Build.0 = Debug|Any CPU
		{24009217-0F24-4CCD-ABD4-F6249CE913AE}.Debug|x86.ActiveCfg = Debug|Any CPU
		{24009217-0F24-4CCD-ABD4-F6249CE913AE}.Debug|x86.Build.0 = Debug|Any CPU
		{24009217-0F24-4CCD-ABD4-F6249CE913AE}.Release|Any CPU.ActiveCfg = Release|Any CPU
		{24009217-0F24-4CCD-ABD4-F6249CE913AE}.Release|Any CPU.Build.0 = Release|Any CPU
		{24009217-0F24-4CCD-ABD4-F6249CE913AE}.Release|x64.ActiveCfg = Release|Any CPU
		{24009217-0F24-4CCD-ABD4-F6249CE913AE}.Release|x64.Build.0 = Release|Any CPU
		{24009217-0F24-4CCD-ABD4-F6249CE913AE}.Release|x86.ActiveCfg = Release|Any CPU
		{24009217-0F24-4CCD-ABD4-F6249CE913AE}.Release|x86.Build.0 = Release|Any CPU
		{1CE04A42-D91D-4B97-968B-F8007C450DAE}.Debug|Any CPU.ActiveCfg = Debug|Any CPU
		{1CE04A42-D91D-4B97-968B-F8007C450DAE}.Debug|Any CPU.Build.0 = Debug|Any CPU
		{1CE04A42-D91D-4B97-968B-F8007C450DAE}.Debug|x64.ActiveCfg = Debug|Any CPU
		{1CE04A42-D91D-4B97-968B-F8007C450DAE}.Debug|x64.Build.0 = Debug|Any CPU
		{1CE04A42-D91D-4B97-968B-F8007C450DAE}.Debug|x86.ActiveCfg = Debug|Any CPU
		{1CE04A42-D91D-4B97-968B-F8007C450DAE}.Debug|x86.Build.0 = Debug|Any CPU
		{1CE04A42-D91D-4B97-968B-F8007C450DAE}.Release|Any CPU.ActiveCfg = Release|Any CPU
		{1CE04A42-D91D-4B97-968B-F8007C450DAE}.Release|Any CPU.Build.0 = Release|Any CPU
		{1CE04A42-D91D-4B97-968B-F8007C450DAE}.Release|x64.ActiveCfg = Release|Any CPU
		{1CE04A42-D91D-4B97-968B-F8007C450DAE}.Release|x64.Build.0 = Release|Any CPU
		{1CE04A42-D91D-4B97-968B-F8007C450DAE}.Release|x86.ActiveCfg = Release|Any CPU
		{1CE04A42-D91D-4B97-968B-F8007C450DAE}.Release|x86.Build.0 = Release|Any CPU
		{7B26F3EC-C6D5-44CB-9A7B-1C992AA01BB2}.Debug|Any CPU.ActiveCfg = Debug|Any CPU
		{7B26F3EC-C6D5-44CB-9A7B-1C992AA01BB2}.Debug|Any CPU.Build.0 = Debug|Any CPU
		{7B26F3EC-C6D5-44CB-9A7B-1C992AA01BB2}.Debug|x64.ActiveCfg = Debug|Any CPU
		{7B26F3EC-C6D5-44CB-9A7B-1C992AA01BB2}.Debug|x64.Build.0 = Debug|Any CPU
		{7B26F3EC-C6D5-44CB-9A7B-1C992AA01BB2}.Debug|x86.ActiveCfg = Debug|Any CPU
		{7B26F3EC-C6D5-44CB-9A7B-1C992AA01BB2}.Debug|x86.Build.0 = Debug|Any CPU
		{7B26F3EC-C6D5-44CB-9A7B-1C992AA01BB2}.Release|Any CPU.ActiveCfg = Release|Any CPU
		{7B26F3EC-C6D5-44CB-9A7B-1C992AA01BB2}.Release|Any CPU.Build.0 = Release|Any CPU
		{7B26F3EC-C6D5-44CB-9A7B-1C992AA01BB2}.Release|x64.ActiveCfg = Release|Any CPU
		{7B26F3EC-C6D5-44CB-9A7B-1C992AA01BB2}.Release|x64.Build.0 = Release|Any CPU
		{7B26F3EC-C6D5-44CB-9A7B-1C992AA01BB2}.Release|x86.ActiveCfg = Release|Any CPU
		{7B26F3EC-C6D5-44CB-9A7B-1C992AA01BB2}.Release|x86.Build.0 = Release|Any CPU
		{05BC8A26-DF7D-4274-876F-B6C165407741}.Debug|Any CPU.ActiveCfg = Debug|Any CPU
		{05BC8A26-DF7D-4274-876F-B6C165407741}.Debug|Any CPU.Build.0 = Debug|Any CPU
		{05BC8A26-DF7D-4274-876F-B6C165407741}.Debug|x64.ActiveCfg = Debug|Any CPU
		{05BC8A26-DF7D-4274-876F-B6C165407741}.Debug|x64.Build.0 = Debug|Any CPU
		{05BC8A26-DF7D-4274-876F-B6C165407741}.Debug|x86.ActiveCfg = Debug|Any CPU
		{05BC8A26-DF7D-4274-876F-B6C165407741}.Debug|x86.Build.0 = Debug|Any CPU
		{05BC8A26-DF7D-4274-876F-B6C165407741}.Release|Any CPU.ActiveCfg = Release|Any CPU
		{05BC8A26-DF7D-4274-876F-B6C165407741}.Release|Any CPU.Build.0 = Release|Any CPU
		{05BC8A26-DF7D-4274-876F-B6C165407741}.Release|x64.ActiveCfg = Release|Any CPU
		{05BC8A26-DF7D-4274-876F-B6C165407741}.Release|x64.Build.0 = Release|Any CPU
		{05BC8A26-DF7D-4274-876F-B6C165407741}.Release|x86.ActiveCfg = Release|Any CPU
		{05BC8A26-DF7D-4274-876F-B6C165407741}.Release|x86.Build.0 = Release|Any CPU
		{602F4003-8ADA-403F-8E16-A3815AC20EFF}.Debug|Any CPU.ActiveCfg = Debug|Any CPU
		{602F4003-8ADA-403F-8E16-A3815AC20EFF}.Debug|Any CPU.Build.0 = Debug|Any CPU
		{602F4003-8ADA-403F-8E16-A3815AC20EFF}.Debug|x64.ActiveCfg = Debug|Any CPU
		{602F4003-8ADA-403F-8E16-A3815AC20EFF}.Debug|x64.Build.0 = Debug|Any CPU
		{602F4003-8ADA-403F-8E16-A3815AC20EFF}.Debug|x86.ActiveCfg = Debug|Any CPU
		{602F4003-8ADA-403F-8E16-A3815AC20EFF}.Debug|x86.Build.0 = Debug|Any CPU
		{602F4003-8ADA-403F-8E16-A3815AC20EFF}.Release|Any CPU.ActiveCfg = Release|Any CPU
		{602F4003-8ADA-403F-8E16-A3815AC20EFF}.Release|Any CPU.Build.0 = Release|Any CPU
		{602F4003-8ADA-403F-8E16-A3815AC20EFF}.Release|x64.ActiveCfg = Release|Any CPU
		{602F4003-8ADA-403F-8E16-A3815AC20EFF}.Release|x64.Build.0 = Release|Any CPU
		{602F4003-8ADA-403F-8E16-A3815AC20EFF}.Release|x86.ActiveCfg = Release|Any CPU
		{602F4003-8ADA-403F-8E16-A3815AC20EFF}.Release|x86.Build.0 = Release|Any CPU
		{41826B60-85E4-4E71-AB89-BEAC6E7E286C}.Debug|Any CPU.ActiveCfg = Debug|Any CPU
		{41826B60-85E4-4E71-AB89-BEAC6E7E286C}.Debug|Any CPU.Build.0 = Debug|Any CPU
		{41826B60-85E4-4E71-AB89-BEAC6E7E286C}.Debug|x64.ActiveCfg = Debug|Any CPU
		{41826B60-85E4-4E71-AB89-BEAC6E7E286C}.Debug|x64.Build.0 = Debug|Any CPU
		{41826B60-85E4-4E71-AB89-BEAC6E7E286C}.Debug|x86.ActiveCfg = Debug|Any CPU
		{41826B60-85E4-4E71-AB89-BEAC6E7E286C}.Debug|x86.Build.0 = Debug|Any CPU
		{41826B60-85E4-4E71-AB89-BEAC6E7E286C}.Release|Any CPU.ActiveCfg = Release|Any CPU
		{41826B60-85E4-4E71-AB89-BEAC6E7E286C}.Release|Any CPU.Build.0 = Release|Any CPU
		{41826B60-85E4-4E71-AB89-BEAC6E7E286C}.Release|x64.ActiveCfg = Release|Any CPU
		{41826B60-85E4-4E71-AB89-BEAC6E7E286C}.Release|x64.Build.0 = Release|Any CPU
		{41826B60-85E4-4E71-AB89-BEAC6E7E286C}.Release|x86.ActiveCfg = Release|Any CPU
		{41826B60-85E4-4E71-AB89-BEAC6E7E286C}.Release|x86.Build.0 = Release|Any CPU
		{4625FD6A-91F2-4108-A0B0-133D1DF38BBD}.Debug|Any CPU.ActiveCfg = Debug|Any CPU
		{4625FD6A-91F2-4108-A0B0-133D1DF38BBD}.Debug|Any CPU.Build.0 = Debug|Any CPU
		{4625FD6A-91F2-4108-A0B0-133D1DF38BBD}.Debug|x64.ActiveCfg = Debug|Any CPU
		{4625FD6A-91F2-4108-A0B0-133D1DF38BBD}.Debug|x64.Build.0 = Debug|Any CPU
		{4625FD6A-91F2-4108-A0B0-133D1DF38BBD}.Debug|x86.ActiveCfg = Debug|Any CPU
		{4625FD6A-91F2-4108-A0B0-133D1DF38BBD}.Debug|x86.Build.0 = Debug|Any CPU
		{4625FD6A-91F2-4108-A0B0-133D1DF38BBD}.Release|Any CPU.ActiveCfg = Release|Any CPU
		{4625FD6A-91F2-4108-A0B0-133D1DF38BBD}.Release|Any CPU.Build.0 = Release|Any CPU
		{4625FD6A-91F2-4108-A0B0-133D1DF38BBD}.Release|x64.ActiveCfg = Release|Any CPU
		{4625FD6A-91F2-4108-A0B0-133D1DF38BBD}.Release|x64.Build.0 = Release|Any CPU
		{4625FD6A-91F2-4108-A0B0-133D1DF38BBD}.Release|x86.ActiveCfg = Release|Any CPU
		{4625FD6A-91F2-4108-A0B0-133D1DF38BBD}.Release|x86.Build.0 = Release|Any CPU
		{04F6838A-F050-465B-A3B8-269933D096DE}.Debug|Any CPU.ActiveCfg = Debug|Any CPU
		{04F6838A-F050-465B-A3B8-269933D096DE}.Debug|Any CPU.Build.0 = Debug|Any CPU
		{04F6838A-F050-465B-A3B8-269933D096DE}.Debug|x64.ActiveCfg = Debug|Any CPU
		{04F6838A-F050-465B-A3B8-269933D096DE}.Debug|x64.Build.0 = Debug|Any CPU
		{04F6838A-F050-465B-A3B8-269933D096DE}.Debug|x86.ActiveCfg = Debug|Any CPU
		{04F6838A-F050-465B-A3B8-269933D096DE}.Debug|x86.Build.0 = Debug|Any CPU
		{04F6838A-F050-465B-A3B8-269933D096DE}.Release|Any CPU.ActiveCfg = Release|Any CPU
		{04F6838A-F050-465B-A3B8-269933D096DE}.Release|Any CPU.Build.0 = Release|Any CPU
		{04F6838A-F050-465B-A3B8-269933D096DE}.Release|x64.ActiveCfg = Release|Any CPU
		{04F6838A-F050-465B-A3B8-269933D096DE}.Release|x64.Build.0 = Release|Any CPU
		{04F6838A-F050-465B-A3B8-269933D096DE}.Release|x86.ActiveCfg = Release|Any CPU
		{04F6838A-F050-465B-A3B8-269933D096DE}.Release|x86.Build.0 = Release|Any CPU
		{CAD07514-0F24-4A84-A93C-834AC9663288}.Debug|Any CPU.ActiveCfg = Debug|Any CPU
		{CAD07514-0F24-4A84-A93C-834AC9663288}.Debug|Any CPU.Build.0 = Debug|Any CPU
		{CAD07514-0F24-4A84-A93C-834AC9663288}.Debug|x64.ActiveCfg = Debug|Any CPU
		{CAD07514-0F24-4A84-A93C-834AC9663288}.Debug|x64.Build.0 = Debug|Any CPU
		{CAD07514-0F24-4A84-A93C-834AC9663288}.Debug|x86.ActiveCfg = Debug|Any CPU
		{CAD07514-0F24-4A84-A93C-834AC9663288}.Debug|x86.Build.0 = Debug|Any CPU
		{CAD07514-0F24-4A84-A93C-834AC9663288}.Release|Any CPU.ActiveCfg = Release|Any CPU
		{CAD07514-0F24-4A84-A93C-834AC9663288}.Release|Any CPU.Build.0 = Release|Any CPU
		{CAD07514-0F24-4A84-A93C-834AC9663288}.Release|x64.ActiveCfg = Release|Any CPU
		{CAD07514-0F24-4A84-A93C-834AC9663288}.Release|x64.Build.0 = Release|Any CPU
		{CAD07514-0F24-4A84-A93C-834AC9663288}.Release|x86.ActiveCfg = Release|Any CPU
		{CAD07514-0F24-4A84-A93C-834AC9663288}.Release|x86.Build.0 = Release|Any CPU
		{985F776E-22DF-43E1-956E-D4E3029C071C}.Debug|Any CPU.ActiveCfg = Debug|Any CPU
		{985F776E-22DF-43E1-956E-D4E3029C071C}.Debug|Any CPU.Build.0 = Debug|Any CPU
		{985F776E-22DF-43E1-956E-D4E3029C071C}.Debug|x64.ActiveCfg = Debug|Any CPU
		{985F776E-22DF-43E1-956E-D4E3029C071C}.Debug|x64.Build.0 = Debug|Any CPU
		{985F776E-22DF-43E1-956E-D4E3029C071C}.Debug|x86.ActiveCfg = Debug|Any CPU
		{985F776E-22DF-43E1-956E-D4E3029C071C}.Debug|x86.Build.0 = Debug|Any CPU
		{985F776E-22DF-43E1-956E-D4E3029C071C}.Release|Any CPU.ActiveCfg = Release|Any CPU
		{985F776E-22DF-43E1-956E-D4E3029C071C}.Release|Any CPU.Build.0 = Release|Any CPU
		{985F776E-22DF-43E1-956E-D4E3029C071C}.Release|x64.ActiveCfg = Release|Any CPU
		{985F776E-22DF-43E1-956E-D4E3029C071C}.Release|x64.Build.0 = Release|Any CPU
		{985F776E-22DF-43E1-956E-D4E3029C071C}.Release|x86.ActiveCfg = Release|Any CPU
		{985F776E-22DF-43E1-956E-D4E3029C071C}.Release|x86.Build.0 = Release|Any CPU
		{6D0F3410-C77F-4751-B99B-AF6A1D9CA7AE}.Debug|Any CPU.ActiveCfg = Debug|Any CPU
		{6D0F3410-C77F-4751-B99B-AF6A1D9CA7AE}.Debug|Any CPU.Build.0 = Debug|Any CPU
		{6D0F3410-C77F-4751-B99B-AF6A1D9CA7AE}.Debug|x64.ActiveCfg = Debug|Any CPU
		{6D0F3410-C77F-4751-B99B-AF6A1D9CA7AE}.Debug|x64.Build.0 = Debug|Any CPU
		{6D0F3410-C77F-4751-B99B-AF6A1D9CA7AE}.Debug|x86.ActiveCfg = Debug|Any CPU
		{6D0F3410-C77F-4751-B99B-AF6A1D9CA7AE}.Debug|x86.Build.0 = Debug|Any CPU
		{6D0F3410-C77F-4751-B99B-AF6A1D9CA7AE}.Release|Any CPU.ActiveCfg = Release|Any CPU
		{6D0F3410-C77F-4751-B99B-AF6A1D9CA7AE}.Release|Any CPU.Build.0 = Release|Any CPU
		{6D0F3410-C77F-4751-B99B-AF6A1D9CA7AE}.Release|x64.ActiveCfg = Release|Any CPU
		{6D0F3410-C77F-4751-B99B-AF6A1D9CA7AE}.Release|x64.Build.0 = Release|Any CPU
		{6D0F3410-C77F-4751-B99B-AF6A1D9CA7AE}.Release|x86.ActiveCfg = Release|Any CPU
		{6D0F3410-C77F-4751-B99B-AF6A1D9CA7AE}.Release|x86.Build.0 = Release|Any CPU
		{ECC2AC32-6ED3-422A-AA30-D42BB127204F}.Debug|Any CPU.ActiveCfg = Debug|Any CPU
		{ECC2AC32-6ED3-422A-AA30-D42BB127204F}.Debug|Any CPU.Build.0 = Debug|Any CPU
		{ECC2AC32-6ED3-422A-AA30-D42BB127204F}.Debug|x64.ActiveCfg = Debug|Any CPU
		{ECC2AC32-6ED3-422A-AA30-D42BB127204F}.Debug|x64.Build.0 = Debug|Any CPU
		{ECC2AC32-6ED3-422A-AA30-D42BB127204F}.Debug|x86.ActiveCfg = Debug|Any CPU
		{ECC2AC32-6ED3-422A-AA30-D42BB127204F}.Debug|x86.Build.0 = Debug|Any CPU
		{ECC2AC32-6ED3-422A-AA30-D42BB127204F}.Release|Any CPU.ActiveCfg = Release|Any CPU
		{ECC2AC32-6ED3-422A-AA30-D42BB127204F}.Release|Any CPU.Build.0 = Release|Any CPU
		{ECC2AC32-6ED3-422A-AA30-D42BB127204F}.Release|x64.ActiveCfg = Release|Any CPU
		{ECC2AC32-6ED3-422A-AA30-D42BB127204F}.Release|x64.Build.0 = Release|Any CPU
		{ECC2AC32-6ED3-422A-AA30-D42BB127204F}.Release|x86.ActiveCfg = Release|Any CPU
		{ECC2AC32-6ED3-422A-AA30-D42BB127204F}.Release|x86.Build.0 = Release|Any CPU
	EndGlobalSection
	GlobalSection(SolutionProperties) = preSolution
		HideSolutionNode = FALSE
	EndGlobalSection
	GlobalSection(NestedProjects) = preSolution
		{24009217-0F24-4CCD-ABD4-F6249CE913AE} = {0EE22D9B-738D-4998-983E-BA430FE177BC}
		{C3D7105F-B7E3-4BF5-A011-35799F03021C} = {27D8B671-9F6F-4A66-BCD5-85A686C61A1B}
		{51E8DEFC-B7BC-4AB0-99E2-89993DB94F2A} = {27D8B671-9F6F-4A66-BCD5-85A686C61A1B}
		{7B26F3EC-C6D5-44CB-9A7B-1C992AA01BB2} = {51E8DEFC-B7BC-4AB0-99E2-89993DB94F2A}
		{05BC8A26-DF7D-4274-876F-B6C165407741} = {51E8DEFC-B7BC-4AB0-99E2-89993DB94F2A}
		{602F4003-8ADA-403F-8E16-A3815AC20EFF} = {51E8DEFC-B7BC-4AB0-99E2-89993DB94F2A}
		{9ADB4934-648A-4F12-A417-95F3491C161F} = {27D8B671-9F6F-4A66-BCD5-85A686C61A1B}
		{41826B60-85E4-4E71-AB89-BEAC6E7E286C} = {9ADB4934-648A-4F12-A417-95F3491C161F}
		{4625FD6A-91F2-4108-A0B0-133D1DF38BBD} = {E3608A0B-98FB-4763-B894-1EA9C7652B1A}
		{04F6838A-F050-465B-A3B8-269933D096DE} = {51E8DEFC-B7BC-4AB0-99E2-89993DB94F2A}
		{CAD07514-0F24-4A84-A93C-834AC9663288} = {E3608A0B-98FB-4763-B894-1EA9C7652B1A}
		{985F776E-22DF-43E1-956E-D4E3029C071C} = {C3D7105F-B7E3-4BF5-A011-35799F03021C}
		{6D0F3410-C77F-4751-B99B-AF6A1D9CA7AE} = {C3D7105F-B7E3-4BF5-A011-35799F03021C}
		{ECC2AC32-6ED3-422A-AA30-D42BB127204F} = {C3D7105F-B7E3-4BF5-A011-35799F03021C}
	EndGlobalSection
	GlobalSection(ExtensibilityGlobals) = postSolution
		SolutionGuid = {754E7F1B-1C8B-4D1A-9488-B70E086CEF99}
	EndGlobalSection
EndGlobal
